
Microsoft Visual Studio Solution File, Format Version 12.00
# Visual Studio 15
VisualStudioVersion = 15.0.27703.2018
MinimumVisualStudioVersion = 10.0.40219.1
Project("{FAE04EC0-301F-11D3-BF4B-00C04F79EFBC}") = "AlumniAppEmiliano", "AlumniAppEmiliano\AlumniAppEmiliano.csproj", "{011575CD-68EC-45B4-948A-33143191A2EB}"
EndProject
Global
	GlobalSection(SolutionConfigurationPlatforms) = preSolution
		Debug|Any CPU = Debug|Any CPU
		Release|Any CPU = Release|Any CPU
	EndGlobalSection
	GlobalSection(ProjectConfigurationPlatforms) = postSolution
		{011575CD-68EC-45B4-948A-33143191A2EB}.Debug|Any CPU.ActiveCfg = Debug|Any CPU
		{011575CD-68EC-45B4-948A-33143191A2EB}.Debug|Any CPU.Build.0 = Debug|Any CPU
		{011575CD-68EC-45B4-948A-33143191A2EB}.Release|Any CPU.ActiveCfg = Release|Any CPU
		{011575CD-68EC-45B4-948A-33143191A2EB}.Release|Any CPU.Build.0 = Release|Any CPU
	EndGlobalSection
	GlobalSection(SolutionProperties) = preSolution
		HideSolutionNode = FALSE
	EndGlobalSection
	GlobalSection(ExtensibilityGlobals) = postSolution
		SolutionGuid = {DBAA6EF8-1D7C-4275-A79E-F2740EEA9CA9}
	EndGlobalSection
EndGlobal
